PODS:
  - FlutterMacOS (1.0.0)
  - Sparkle (2.9.3)

DEPENDENCIES:
  - FlutterMacOS (from `Flutter/ephemeral`)
  - Sparkle (~> 2.0)

SPEC REPOS:
  trunk:
    - Sparkle

EXTERNAL SOURCES:
  FlutterMacOS:
    :path: Flutter/ephemeral

SPEC CHECKSUMS:
  FlutterMacOS: d0db08ddef1a9af05a5ec4b724367152bb0500b1
  Sparkle: 39dbdf28637f6056fbf5ee6494bdbfae54f49f41

PODFILE CHECKSUM: edd9fd3647b2de367b0dd22a84b06d514640ad61

COCOAPODS: 1.17.0
